[[package]]
name = "tabulate"
version = "0.9.0"
description = "Pretty-print tabular data"
category = "main"
optional = false
python-versions = ">=3.7"

[package.extras]
widechars = ["wcwidth"]

[metadata]
lock-version = "1.1"
python-versions = "^3.8"
content-hash = "787a3ea9e2916a621066a72fbce68733267c4807be25fcae024a91126ef5b598"

[metadata.files]
tabulate = []
